
Microsoft Visual Studio Solution File, Format Version 12.00
# Visual Studio Version 17
VisualStudioVersion = 17.5.002.0
MinimumVisualStudioVersion = 10.0.40219.1
Project("{9A19103F-16F7-4668-BE54-9A1E7A4F7556}") = "WebApplication1", "WebApplication1\WebApplication1.csproj", "{94EF2AFA-E62D-424A-B4BC-DA74D8B10EFC}"
EndProject
Global
	GlobalSection(SolutionConfigurationPlatforms) = preSolution
		Debug|Any CPU = Debug|Any CPU
		Release|Any CPU = Release|Any CPU
	EndGlobalSection
	GlobalSection(ProjectConfigurationPlatforms) = postSolution
		{94EF2AFA-E62D-424A-B4BC-DA74D8B10EFC}.Debug|Any CPU.ActiveCfg = Debug|Any CPU
		{94EF2AFA-E62D-424A-B4BC-DA74D8B10EFC}.Debug|Any CPU.Build.0 = Debug|Any CPU
		{94EF2AFA-E62D-424A-B4BC-DA74D8B10EFC}.Release|Any CPU.ActiveCfg = Release|Any CPU
		{94EF2AFA-E62D-424A-B4BC-DA74D8B10EFC}.Release|Any CPU.Build.0 = Release|Any CPU
	EndGlobalSection
	GlobalSection(SolutionProperties) = preSolution
		HideSolutionNode = FALSE
	EndGlobalSection
	GlobalSection(ExtensibilityGlobals) = postSolution
		SolutionGuid = {D54C4675-3DB6-440D-989A-63CA0E29B06B}
	EndGlobalSection
EndGlobal
